
Microsoft Visual Studio Solution File, Format Version 12.00
# Visual Studio Version 16
VisualStudioVersion = 16.0.30128.36
MinimumVisualStudioVersion = 10.0.40219.1
Project("{151D2E53-A2C4-4D7D-83FE-D05416EBD58E}") = "PaaS-Containerized", "PaaS-Containerized\PaaS-Containerized.deployproj", "{635F8AC3-7778-4C20-8FE0-14DA3C029A90}"
EndProject
Global
	GlobalSection(SolutionConfigurationPlatforms) = preSolution
		Debug|Any CPU = Debug|Any CPU
		Release|Any CPU = Release|Any CPU
	EndGlobalSection
	GlobalSection(ProjectConfigurationPlatforms) = postSolution
		{635F8AC3-7778-4C20-8FE0-14DA3C029A90}.Debug|Any CPU.ActiveCfg = Debug|Any CPU
		{635F8AC3-7778-4C20-8FE0-14DA3C029A90}.Debug|Any CPU.Build.0 = Debug|Any CPU
		{635F8AC3-7778-4C20-8FE0-14DA3C029A90}.Release|Any CPU.ActiveCfg = Release|Any CPU
		{635F8AC3-7778-4C20-8FE0-14DA3C029A90}.Release|Any CPU.Build.0 = Release|Any CPU
	EndGlobalSection
	GlobalSection(SolutionProperties) = preSolution
		HideSolutionNode = FALSE
	EndGlobalSection
	GlobalSection(ExtensibilityGlobals) = postSolution
		SolutionGuid = {BFB41A40-1783-4EA5-B1D0-DA0A6751164F}
	EndGlobalSection
EndGlobal
